[{<<"cowboy">>,
  {git,"git://github.com/ninenines/cowboy.git",
       {ref,"0c15b9216b7467390623db84e169b32c68e85bcb"}},
  0},
 {<<"cowlib">>,
  {git,"https://github.com/ninenines/cowlib",
       {ref,"45f750db410a4b08c68d142ad0af839f544c5d3d"}},
  1},
 {<<"etest">>,
  {git,"git://github.com/wooga/etest.git",
       {ref,"1b17d48304803d5157dde2e04c6df822f614283e"}},
  1},
 {<<"etest_http">>,
  {git,"git://github.com/wooga/etest_http.git",
       {ref,"5cd35631e9051989abe0b9268ab46f5a69b4a8ed"}},
  0},
 {<<"jiffy">>,
  {git,"git://github.com/davisp/jiffy.git",
       {ref,"fe43b59f4f5e8aafb111f400a7e4f813cd134b55"}},
  1},
 {<<"jsone">>,
  {git,"https://github.com/sile/jsone.git",
       {ref,"0e42866709d54d462c52d252b75f5f481ba0b155"}},
  0},
 {<<"ranch">>,
  {git,"https://github.com/ninenines/ranch",
       {ref,"a004ad710eddd0c21aaccc30d5633a76b06164b5"}},
  1}].
